
Microsoft Visual Studio Solution File, Format Version 12.00
# Visual Studio Version 16
VisualStudioVersion = 16.0.31515.178
MinimumVisualStudioVersion = 10.0.40219.1
Project("{FAE04EC0-301F-11D3-BF4B-00C04F79EFBC}") = "AutoPonto", "AutoPonto\AutoPonto.csproj", "{1C00210A-3254-48EB-907E-A96341F5E304}"
EndProject
Global
	GlobalSection(SolutionConfigurationPlatforms) = preSolution
		Debug|Any CPU = Debug|Any CPU
		Release|Any CPU = Release|Any CPU
	EndGlobalSection
	GlobalSection(ProjectConfigurationPlatforms) = postSolution
		{1C00210A-3254-48EB-907E-A96341F5E304}.Debug|Any CPU.ActiveCfg = Debug|Any CPU
		{1C00210A-3254-48EB-907E-A96341F5E304}.Debug|Any CPU.Build.0 = Debug|Any CPU
		{1C00210A-3254-48EB-907E-A96341F5E304}.Release|Any CPU.ActiveCfg = Release|Any CPU
		{1C00210A-3254-48EB-907E-A96341F5E304}.Release|Any CPU.Build.0 = Release|Any CPU
	EndGlobalSection
	GlobalSection(SolutionProperties) = preSolution
		HideSolutionNode = FALSE
	EndGlobalSection
	GlobalSection(ExtensibilityGlobals) = postSolution
		SolutionGuid = {5B525E75-5EA9-42B7-9549-9D243516A98B}
	EndGlobalSection
EndGlobal
